# THIS IS AN AUTOGENERATED FILE. DO NOT EDIT THIS FILE DIRECTLY.
# yarn lockfile v1


"@duetds/date-picker@1.2.0":
  version "1.2.0"
  resolved "https://registry.yarnpkg.com/@duetds/date-picker/-/date-picker-1.2.0.tgz#811c669a09ad93f5916386c57de61db259b59087"
  integrity sha512-8uIbQLYrUHgUtJdF9Q6GANGFZw/R6luATyLZYMb0211Nv/nK+o5tWdCbJPcvszV7Ggi3y+8vb41OKgfP8KIWnQ==
  dependencies:
    "@stencil/core" "^2.3.0"

"@floating-ui/core@^0.7.3":
  version "0.7.3"
  resolved "https://registry.yarnpkg.com/@floating-ui/core/-/core-0.7.3.tgz#d274116678ffae87f6b60e90f88cc4083eefab86"
  integrity sha512-buc8BXHmG9l82+OQXOFU3Kr2XQx9ys01U/Q9HMIrZ300iLc8HLMgh7dcCqgYzAzf4BkoQvDcXf5Y+CuEZ5JBYg==

"@floating-ui/dom@^0.5.4":
  version "0.5.4"
  resolved "https://registry.yarnpkg.com/@floating-ui/dom/-/dom-0.5.4.tgz#4eae73f78bcd4bd553ae2ade30e6f1f9c73fe3f1"
  integrity sha512-419BMceRLq0RrmTSDxn8hf9R3VCJv2K9PUfugh5JyEFmdjzDo+e8U5EdR8nzKq8Yj1htzLm3b6eQEEam3/rrtg==
  dependencies:
    "@floating-ui/core" "^0.7.3"

"@stencil/core@^2.17.0", "@stencil/core@^2.3.0":
  version "2.21.0"
  resolved "https://registry.yarnpkg.com/@stencil/core/-/core-2.21.0.tgz#d156e2e1ef41d6b5506880bf0cf80cf827bd1335"
  integrity sha512-c4mVCl87wTV8u7ExQqiiQU5XrkzXjq8ll8skPlFHlJ7+5hGWhRpuVqKgVYJPN1mC/ucRqCUfjzSNUD7cFKHhkw==

"@telekom/design-tokens@^1.0.0-beta.2":
  version "1.0.0-beta.3"
  resolved "https://registry.yarnpkg.com/@telekom/design-tokens/-/design-tokens-1.0.0-beta.3.tgz#884aa8d11c5c61cdd573496e9953ee0bebcecbc1"
  integrity sha512-OaJ2ktRAow16596E+uGAbugkIe73K20kDiBM0bC9txU5XMIwyTIn7hOrWpbWQ6gr13kHUrPxrAraMg8ebIzV2A==

"@telekom/scale-components@^3.0.0-beta.117":
  version "3.0.0-beta.117"
  resolved "https://registry.yarnpkg.com/@telekom/scale-components/-/scale-components-3.0.0-beta.117.tgz#73154eab6cba8e124d32b7d27e5bd1de251a91e8"
  integrity sha512-ZNTodOEsRu4Ld7DpWxR/sGitcyGvWcbqbwHkFCoNQnytF4m9qAyI/tO1zDVvfXECGGnqp9F0PaP1vMApe055Pg==
  dependencies:
    "@duetds/date-picker" "1.2.0"
    "@floating-ui/dom" "^0.5.4"
    "@stencil/core" "^2.17.0"
    "@telekom/design-tokens" "^1.0.0-beta.2"
    "@telekom/scale-design-tokens" "^3.0.0-beta.117"
    classnames "^2.2.6"
    stencil-inline-svg "^1.0.1"

"@telekom/scale-design-tokens@^3.0.0-beta.117":
  version "3.0.0-beta.117"
  resolved "https://registry.yarnpkg.com/@telekom/scale-design-tokens/-/scale-design-tokens-3.0.0-beta.117.tgz#48901647ace0ed48bf9c4f2d59ec86e76364b59e"
  integrity sha512-wkVZZ6nCkpbRyXMwgW27KNepmpPP8OlsDaz21mrtltw5lOCa73dSuEFjPPn1JUacFVxvfyBTs+XmcPHsdfz1/A==
  dependencies:
    color "^3.1.3"

classnames@^2.2.6:
  version "2.3.2"
  resolved "https://registry.yarnpkg.com/classnames/-/classnames-2.3.2.tgz#351d813bf0137fcc6a76a16b88208d2560a0d924"
  integrity sha512-CSbhY4cFEJRe6/GQzIk5qXZ4Jeg5pcsP7b5peFSDpffpe1cqjASH/n9UTjBwOp6XpMSTwQ8Za2K5V02ueA7Tmw==

color-convert@^1.9.3:
  version "1.9.3"
  resolved "https://registry.yarnpkg.com/color-convert/-/color-convert-1.9.3.tgz#bb71850690e1f136567de629d2d5471deda4c1e8"
  integrity sha512-QfAUtd+vFdAtFQcC8CCyYt1fYWxSqAiK2cSD6zDB8N3cpsEBAvRxp9zOGg6G/SHHJYAT88/az/IuDGALsNVbGg==
  dependencies:
    color-name "1.1.3"

color-name@1.1.3:
  version "1.1.3"
  resolved "https://registry.yarnpkg.com/color-name/-/color-name-1.1.3.tgz#a7d0558bd89c42f795dd42328f740831ca53bc25"
  integrity sha512-72fSenhMw2HZMTVHeCA9KCmpEIbzWiQsjN+BHcBbS9vr1mtt+vJjPdksIBNUmKAW8TFUDPJK5SUU3QhE9NEXDw==

color-name@^1.0.0:
  version "1.1.4"
  resolved "https://registry.yarnpkg.com/color-name/-/color-name-1.1.4.tgz#c2a09a87acbde69543de6f63fa3995c826c536a2"
  integrity sha512-dOy+3AuW3a2wNbZHIuMZpTcgjGuLU/uBL/ubcZF9OXbDo8ff4O8yVp5Bf0efS8uEoYo5q4Fx7dY9OgQGXgAsQA==

color-string@^1.6.0:
  version "1.9.1"
  resolved "https://registry.yarnpkg.com/color-string/-/color-string-1.9.1.tgz#4467f9146f036f855b764dfb5bf8582bf342c7a4"
  integrity sha512-shrVawQFojnZv6xM40anx4CkoDP+fZsw/ZerEMsW/pyzsRbElpsL/DBVW7q3ExxwusdNXI3lXpuhEZkzs8p5Eg==
  dependencies:
    color-name "^1.0.0"
    simple-swizzle "^0.2.2"

color@^3.1.3:
  version "3.2.1"
  resolved "https://registry.yarnpkg.com/color/-/color-3.2.1.tgz#3544dc198caf4490c3ecc9a790b54fe9ff45e164"
  integrity sha512-aBl7dZI9ENN6fUGC7mWpMTPNHmWUSNan9tuWN6ahh5ZLNk9baLJOnSMlrQkHcrfFgz2/RigjUVAjdx36VcemKA==
  dependencies:
    color-convert "^1.9.3"
    color-string "^1.6.0"

is-arrayish@^0.3.1:
  version "0.3.2"
  resolved "https://registry.yarnpkg.com/is-arrayish/-/is-arrayish-0.3.2.tgz#4574a2ae56f7ab206896fb431eaeed066fdf8f03"
  integrity sha512-eVRqCvVlZbuw3GrM63ovNSNAeA1K16kaR/LRY/92w0zxQ5/1YzwblUX652i4Xs9RwAGjW9d9y6X88t8OaAJfWQ==

servor@^4.0.2:
  version "4.0.2"
  resolved "https://registry.yarnpkg.com/servor/-/servor-4.0.2.tgz#6d5e5c61fbb3d6f4bde72995dbe6745829395971"
  integrity sha512-MlmQ5Ntv4jDYUN060x/KEmN7emvIqKMZ9OkM+nY8Bf2+KkyLmGsTqWLyAN2cZr5oESAcH00UanUyyrlS1LRjFw==

simple-swizzle@^0.2.2:
  version "0.2.2"
  resolved "https://registry.yarnpkg.com/simple-swizzle/-/simple-swizzle-0.2.2.tgz#a4da6b635ffcccca33f70d17cb92592de95e557a"
  integrity sha512-JA//kQgZtbuY83m+xT+tXJkmJncGMTFT+C+g2h2R9uxkYIrE2yy9sgmcLhCnw57/WSD+Eh3J97FPEDFnbXnDUg==
  dependencies:
    is-arrayish "^0.3.1"

stencil-inline-svg@^1.0.1:
  version "1.1.0"
  resolved "https://registry.yarnpkg.com/stencil-inline-svg/-/stencil-inline-svg-1.1.0.tgz#622630fbfc4b10df010f80625fbefd7546f9928c"
  integrity sha512-couT89xzsoycwHOIAgnl3WBpXaVRQ3ZlUBINo7HsT/AtWaFW9cxGlAzsK2JzkzxK7yUuoeIpdH2fNlvuH06DRg==
